# THIS IS AN AUTOGENERATED FILE. DO NOT EDIT THIS FILE DIRECTLY.
# yarn lockfile v1


"@snowpack/plugin-typescript@^1.2.1":
  version "1.2.1"
  resolved "https://artifactory.etraveli.net/artifactory/api/npm/remote-npm/@snowpack/plugin-typescript/-/plugin-typescript-1.2.1.tgz#7170b039d16d41963cc61a714fe7c37f3fdd9d51"
  integrity sha1-cXCwOdFtQZY8xhpxT+fDfz/dnVE=
  dependencies:
    execa "^5.0.0"
    npm-run-path "^4.0.1"

big-integer@^1.6.7:
  version "1.6.48"
  resolved "https://artifactory.etraveli.net/artifactory/api/npm/remote-npm/big-integer/-/big-integer-1.6.48.tgz#8fd88bd1632cba4a1c8c3e3d7159f08bb95b4b9e"
  integrity sha1-j9iL0WMsukocjD49cVnwi7lbS54=

bplist-parser@^0.1.0:
  version "0.1.1"
  resolved "https://artifactory.etraveli.net/artifactory/api/npm/remote-npm/bplist-parser/-/bplist-parser-0.1.1.tgz#d60d5dcc20cba6dc7e1f299b35d3e1f95dafbae6"
  integrity sha1-1g1dzCDLptx+HymbNdPh+V2vuuY=
  dependencies:
    big-integer "^1.6.7"

cli-spinners@^2.5.0:
  version "2.6.0"
  resolved "https://artifactory.etraveli.net/artifactory/api/npm/remote-npm/cli-spinners/-/cli-spinners-2.6.0.tgz#36c7dc98fb6a9a76bd6238ec3f77e2425627e939"
  integrity sha1-NsfcmPtqmna9YjjsP3fiQlYn6Tk=

cross-spawn@^7.0.3:
  version "7.0.3"
  resolved "https://artifactory.etraveli.net/artifactory/api/npm/remote-npm/cross-spawn/-/cross-spawn-7.0.3.tgz#f73a85b9d5d41d045551c177e2882d4ac85728a6"
  integrity sha1-9zqFudXUHQRVUcF34ogtSshXKKY=
  dependencies:
    path-key "^3.1.0"
    shebang-command "^2.0.0"
    which "^2.0.1"

default-browser-id@^2.0.0:
  version "2.0.0"
  resolved "https://artifactory.etraveli.net/artifactory/api/npm/remote-npm/default-browser-id/-/default-browser-id-2.0.0.tgz#01ecce371a71e85f15a17177e7863047e73dbe7d"
  integrity sha1-AezONxpx6F8VoXF354YwR+c9vn0=
  dependencies:
    bplist-parser "^0.1.0"
    pify "^2.3.0"
    untildify "^2.0.0"

esbuild@^0.9.3:
  version "0.9.7"
  resolved "https://artifactory.etraveli.net/artifactory/api/npm/remote-npm/esbuild/-/esbuild-0.9.7.tgz#ea0d639cbe4b88ec25fbed4d6ff00c8d788ef70b"
  integrity sha1-6g1jnL5LiOwl++1Nb/AMjXiO9ws=

execa@^5.0.0:
  version "5.0.0"
  resolved "https://artifactory.etraveli.net/artifactory/api/npm/remote-npm/execa/-/execa-5.0.0.tgz#4029b0007998a841fbd1032e5f4de86a3c1e3376"
  integrity sha1-QCmwAHmYqEH70QMuX03oajweM3Y=
  dependencies:
    cross-spawn "^7.0.3"
    get-stream "^6.0.0"
    human-signals "^2.1.0"
    is-stream "^2.0.0"
    merge-stream "^2.0.0"
    npm-run-path "^4.0.1"
    onetime "^5.1.2"
    signal-exit "^3.0.3"
    strip-final-newline "^2.0.0"

fdir@^5.0.0:
  version "5.0.0"
  resolved "https://artifactory.etraveli.net/artifactory/api/npm/remote-npm/fdir/-/fdir-5.0.0.tgz#a40b5d9adfb530daeca55558e8ad87ec14a44769"
  integrity sha1-pAtdmt+1MNrspVVY6K2H7BSkR2k=

fsevents@^2.2.0, fsevents@~2.3.1:
  version "2.3.2"
  resolved "https://artifactory.etraveli.net/artifactory/api/npm/remote-npm/fsevents/-/fsevents-2.3.2.tgz#8a526f78b8fdf4623b709e0b975c52c24c02fd1a"
  integrity sha1-ilJveLj99GI7cJ4Ll1xSwkwC/Ro=

function-bind@^1.1.1:
  version "1.1.1"
  resolved "https://artifactory.etraveli.net/artifactory/api/npm/remote-npm/function-bind/-/function-bind-1.1.1.tgz#a56899d3ea3c9bab874bb9773b7c5ede92f4895d"
  integrity sha1-pWiZ0+o8m6uHS7l3O3xe3pL0iV0=

get-stream@^6.0.0:
  version "6.0.0"
  resolved "https://artifactory.etraveli.net/artifactory/api/npm/remote-npm/get-stream/-/get-stream-6.0.0.tgz#3e0012cb6827319da2706e601a1583e8629a6718"
  integrity sha1-PgASy2gnMZ2icG5gGhWD6GKaZxg=

has@^1.0.3:
  version "1.0.3"
  resolved "https://artifactory.etraveli.net/artifactory/api/npm/remote-npm/has/-/has-1.0.3.tgz#722d7cbfc1f6aa8241f16dd814e011e1f41e8796"
  integrity sha1-ci18v8H2qoJB8W3YFOAR4fQeh5Y=
  dependencies:
    function-bind "^1.1.1"

human-signals@^2.1.0:
  version "2.1.0"
  resolved "https://artifactory.etraveli.net/artifactory/api/npm/remote-npm/human-signals/-/human-signals-2.1.0.tgz#dc91fcba42e4d06e4abaed33b3e7a3c02f514ea0"
  integrity sha1-3JH8ukLk0G5Kuu0zs+ejwC9RTqA=

is-core-module@^2.2.0:
  version "2.2.0"
  resolved "https://artifactory.etraveli.net/artifactory/api/npm/remote-npm/is-core-module/-/is-core-module-2.2.0.tgz#97037ef3d52224d85163f5597b2b63d9afed981a"
  integrity sha1-lwN+89UiJNhRY/VZeytj2a/tmBo=
  dependencies:
    has "^1.0.3"

is-docker@^2.0.0:
  version "2.1.1"
  resolved "https://artifactory.etraveli.net/artifactory/api/npm/remote-npm/is-docker/-/is-docker-2.1.1.tgz#4125a88e44e450d384e09047ede71adc2d144156"
  integrity sha1-QSWojkTkUNOE4JBH7eca3C0UQVY=

is-stream@^2.0.0:
  version "2.0.0"
  resolved "https://artifactory.etraveli.net/artifactory/api/npm/remote-npm/is-stream/-/is-stream-2.0.0.tgz#bde9c32680d6fae04129d6ac9d921ce7815f78e3"
  integrity sha1-venDJoDW+uBBKdasnZIc54FfeOM=

is-wsl@^2.1.1:
  version "2.2.0"
  resolved "https://artifactory.etraveli.net/artifactory/api/npm/remote-npm/is-wsl/-/is-wsl-2.2.0.tgz#74a4c76e77ca9fd3f932f290c17ea326cd157271"
  integrity sha1-dKTHbnfKn9P5MvKQwX6jJs0VcnE=
  dependencies:
    is-docker "^2.0.0"

isexe@^2.0.0:
  version "2.0.0"
  resolved "https://artifactory.etraveli.net/artifactory/api/npm/remote-npm/isexe/-/isexe-2.0.0.tgz#e8fbf374dc556ff8947a10dcb0572d633f2cfa10"
  integrity sha1-6PvzdNxVb/iUehDcsFctYz8s+hA=

merge-stream@^2.0.0:
  version "2.0.0"
  resolved "https://artifactory.etraveli.net/artifactory/api/npm/remote-npm/merge-stream/-/merge-stream-2.0.0.tgz#52823629a14dd00c9770fb6ad47dc6310f2c1f60"
  integrity sha1-UoI2KaFN0AyXcPtq1H3GMQ8sH2A=

mimic-fn@^2.1.0:
  version "2.1.0"
  resolved "https://artifactory.etraveli.net/artifactory/api/npm/remote-npm/mimic-fn/-/mimic-fn-2.1.0.tgz#7ed2c2ccccaf84d3ffcb7a69b57711fc2083401b"
  integrity sha1-ftLCzMyvhNP/y3pptXcR/CCDQBs=

npm-run-path@^4.0.1:
  version "4.0.1"
  resolved "https://artifactory.etraveli.net/artifactory/api/npm/remote-npm/npm-run-path/-/npm-run-path-4.0.1.tgz#b7ecd1e5ed53da8e37a55e1c2269e0b97ed748ea"
  integrity sha1-t+zR5e1T2o43pV4cImnguX7XSOo=
  dependencies:
    path-key "^3.0.0"

onetime@^5.1.2:
  version "5.1.2"
  resolved "https://artifactory.etraveli.net/artifactory/api/npm/remote-npm/onetime/-/onetime-5.1.2.tgz#d0e96ebb56b07476df1dd9c4806e5237985ca45e"
  integrity sha1-0Oluu1awdHbfHdnEgG5SN5hcpF4=
  dependencies:
    mimic-fn "^2.1.0"

open@^7.0.4:
  version "7.4.2"
  resolved "https://artifactory.etraveli.net/artifactory/api/npm/remote-npm/open/-/open-7.4.2.tgz#b8147e26dcf3e426316c730089fd71edd29c2321"
  integrity sha1-uBR+Jtzz5CYxbHMAif1x7dKcIyE=
  dependencies:
    is-docker "^2.0.0"
    is-wsl "^2.1.1"

os-homedir@^1.0.0:
  version "1.0.2"
  resolved "https://artifactory.etraveli.net/artifactory/api/npm/remote-npm/os-homedir/-/os-homedir-1.0.2.tgz#ffbc4988336e0e833de0c168c7ef152121aa7fb3"
  integrity sha1-/7xJiDNuDoM94MFox+8VISGqf7M=

path-key@^3.0.0, path-key@^3.1.0:
  version "3.1.1"
  resolved "https://artifactory.etraveli.net/artifactory/api/npm/remote-npm/path-key/-/path-key-3.1.1.tgz#581f6ade658cbba65a0d3380de7753295054f375"
  integrity sha1-WB9q3mWMu6ZaDTOA3ndTKVBU83U=

path-parse@^1.0.6:
  version "1.0.6"
  resolved "https://artifactory.etraveli.net/artifactory/api/npm/remote-npm/path-parse/-/path-parse-1.0.6.tgz#d62dbb5679405d72c4737ec58600e9ddcf06d24c"
  integrity sha1-1i27VnlAXXLEc37FhgDp3c8G0kw=

picomatch@^2.2.2:
  version "2.2.2"
  resolved "https://artifactory.etraveli.net/artifactory/api/npm/remote-npm/picomatch/-/picomatch-2.2.2.tgz#21f333e9b6b8eaff02468f5146ea406d345f4dad"
  integrity sha1-IfMz6ba46v8CRo9RRupAbTRfTa0=

pify@^2.3.0:
  version "2.3.0"
  resolved "https://artifactory.etraveli.net/artifactory/api/npm/remote-npm/pify/-/pify-2.3.0.tgz#ed141a6ac043a849ea588498e7dca8b15330e90c"
  integrity sha1-7RQaasBDqEnqWISY59yosVMw6Qw=

resolve@^1.20.0:
  version "1.20.0"
  resolved "https://artifactory.etraveli.net/artifactory/api/npm/remote-npm/resolve/-/resolve-1.20.0.tgz#629a013fb3f70755d6f0b7935cc1c2c5378b1975"
  integrity sha1-YpoBP7P3B1XW8LeTXMHCxTeLGXU=
  dependencies:
    is-core-module "^2.2.0"
    path-parse "^1.0.6"

rollup@^2.34.0:
  version "2.44.0"
  resolved "https://artifactory.etraveli.net/artifactory/api/npm/remote-npm/rollup/-/rollup-2.44.0.tgz#8da324d1c4fd12beef9ae6e12f4068265b6d95eb"
  integrity sha1-jaMk0cT9Er7vmubhL0BoJlttles=
  optionalDependencies:
    fsevents "~2.3.1"

shebang-command@^2.0.0:
  version "2.0.0"
  resolved "https://artifactory.etraveli.net/artifactory/api/npm/remote-npm/shebang-command/-/shebang-command-2.0.0.tgz#ccd0af4f8835fbdc265b82461aaf0c36663f34ea"
  integrity sha1-zNCvT4g1+9wmW4JGGq8MNmY/NOo=
  dependencies:
    shebang-regex "^3.0.0"

shebang-regex@^3.0.0:
  version "3.0.0"
  resolved "https://artifactory.etraveli.net/artifactory/api/npm/remote-npm/shebang-regex/-/shebang-regex-3.0.0.tgz#ae16f1644d873ecad843b0307b143362d4c42172"
  integrity sha1-rhbxZE2HPsrYQ7AwexQzYtTEIXI=

signal-exit@^3.0.3:
  version "3.0.3"
  resolved "https://artifactory.etraveli.net/artifactory/api/npm/remote-npm/signal-exit/-/signal-exit-3.0.3.tgz#a1410c2edd8f077b08b4e253c8eacfcaf057461c"
  integrity sha1-oUEMLt2PB3sItOJTyOrPyvBXRhw=

snowpack@^3.1.2:
  version "3.1.2"
  resolved "https://artifactory.etraveli.net/artifactory/api/npm/remote-npm/snowpack/-/snowpack-3.1.2.tgz#47f376ac48b83de07093722c402c9218a6c9b542"
  integrity sha1-R/N2rEi4PeBwk3IsQCySGKbJtUI=
  dependencies:
    cli-spinners "^2.5.0"
    default-browser-id "^2.0.0"
    esbuild "^0.9.3"
    fdir "^5.0.0"
    open "^7.0.4"
    picomatch "^2.2.2"
    resolve "^1.20.0"
    rollup "^2.34.0"
  optionalDependencies:
    fsevents "^2.2.0"

strip-final-newline@^2.0.0:
  version "2.0.0"
  resolved "https://artifactory.etraveli.net/artifactory/api/npm/remote-npm/strip-final-newline/-/strip-final-newline-2.0.0.tgz#89b852fb2fcbe936f6f4b3187afb0a12c1ab58ad"
  integrity sha1-ibhS+y/L6Tb29LMYevsKEsGrWK0=

typescript@^4.2.3:
  version "4.2.3"
  resolved "https://artifactory.etraveli.net/artifactory/api/npm/remote-npm/typescript/-/typescript-4.2.3.tgz#39062d8019912d43726298f09493d598048c1ce3"
  integrity sha1-OQYtgBmRLUNyYpjwlJPVmASMHOM=

untildify@^2.0.0:
  version "2.1.0"
  resolved "https://artifactory.etraveli.net/artifactory/api/npm/remote-npm/untildify/-/untildify-2.1.0.tgz#17eb2807987f76952e9c0485fc311d06a826a2e0"
  integrity sha1-F+soB5h/dpUunASF/DEdBqgmouA=
  dependencies:
    os-homedir "^1.0.0"

which@^2.0.1:
  version "2.0.2"
  resolved "https://artifactory.etraveli.net/artifactory/api/npm/remote-npm/which/-/which-2.0.2.tgz#7c6a8dd0a636a0327e10b59c9286eee93f3f51b1"
  integrity sha1-fGqN0KY2oDJ+ELWckobu6T8/UbE=
  dependencies:
    isexe "^2.0.0"

xstate@^4.17.1:
  version "4.17.1"
  resolved "https://artifactory.etraveli.net/artifactory/api/npm/remote-npm/xstate/-/xstate-4.17.1.tgz#f027b51ee35dae28954d27ad09f37b4d5d5ce40f"
  integrity sha1-8Ce1HuNdriiVTSetCfN7TV1c5A8=
